// !$*UTF8*$!
{
	archiveVersion = 1;
	classes = {
	};
	objectVersion = 50;
	objects = {

/* Begin PBXBuildFile section */
		47DD19E8218BD0C600C03A92 /* ApiKey.plist in Resources */ = {isa = PBXBuildFile; fileRef = 47DD19E7218BD0C600C03A92 /* ApiKey.plist */; };
		47DD19EC218BD10900C03A92 /* RAMNews.m in Sources */ = {isa = PBXBuildFile; fileRef = 47DD19EB218BD10900C03A92 /* RAMNews.m */; };
		47DD19F3218BD6F500C03A92 /* RAMNewsAPIClient.m in Sources */ = {isa = PBXBuildFile; fileRef = 47DD19F2218BD6F500C03A92 /* RAMNewsAPIClient.m */; };
		47DD19F6218BE89900C03A92 /* RAMHeadlinesTableViewController.m in Sources */ = {isa = PBXBuildFile; fileRef = 47DD19F5218BE89900C03A92 /* RAMHeadlinesTableViewController.m */; };
		47DD19F9218BEA4B00C03A92 /* RAMHeadlineTableViewCell.swift in Sources */ = {isa = PBXBuildFile; fileRef = 47DD19F8218BEA4B00C03A92 /* RAMHeadlineTableViewCell.swift */; };
		47DD1A00218BF53100C03A92 /* RAMNewsDetailViewController.swift in Sources */ = {isa = PBXBuildFile; fileRef = 47DD19FF218BF53100C03A92 /* RAMNewsDetailViewController.swift */; };
		F71043EA218B999900DD7A7F /* AppDelegate.m in Sources */ = {isa = PBXBuildFile; fileRef = F71043E9218B999900DD7A7F /* AppDelegate.m */; };
		F71043F0218B999900DD7A7F /* Main.storyboard in Resources */ = {isa = PBXBuildFile; fileRef = F71043EE218B999900DD7A7F /* Main.storyboard */; };
		F71043F2218B999A00DD7A7F /* Assets.xcassets in Resources */ = {isa = PBXBuildFile; fileRef = F71043F1218B999A00DD7A7F /* Assets.xcassets */; };
		F71043F5218B999A00DD7A7F /* LaunchScreen.storyboard in Resources */ = {isa = PBXBuildFile; fileRef = F71043F3218B999A00DD7A7F /* LaunchScreen.storyboard */; };
		F71043F8218B999A00DD7A7F /* main.m in Sources */ = {isa = PBXBuildFile; fileRef = F71043F7218B999A00DD7A7F /* main.m */; };
/* End PBXBuildFile section */

/* Begin PBXFileReference section */
		47DD19E7218BD0C600C03A92 /* ApiKey.plist */ = {isa = PBXFileReference; lastKnownFileType = text.plist.xml; path = ApiKey.plist; sourceTree = "<group>"; };
		47DD19EA218BD10900C03A92 /* RAMNews.h */ = {isa = PBXFileReference; lastKnownFileType = sourcecode.c.h; path = RAMNews.h; sourceTree = "<group>"; };
		47DD19EB218BD10900C03A92 /* RAMNews.m */ = {isa = PBXFileReference; lastKnownFileType = sourcecode.c.objc; path = RAMNews.m; sourceTree = "<group>"; };
		47DD19F1218BD6F500C03A92 /* RAMNewsAPIClient.h */ = {isa = PBXFileReference; lastKnownFileType = sourcecode.c.h; path = RAMNewsAPIClient.h; sourceTree = "<group>"; };
		47DD19F2218BD6F500C03A92 /* RAMNewsAPIClient.m */ = {isa = PBXFileReference; lastKnownFileType = sourcecode.c.objc; path = RAMNewsAPIClient.m; sourceTree = "<group>"; };
		47DD19F4218BE89900C03A92 /* RAMHeadlinesTableViewController.h */ = {isa = PBXFileReference; lastKnownFileType = sourcecode.c.h; path = RAMHeadlinesTableViewController.h; sourceTree = "<group>"; };
		47DD19F5218BE89900C03A92 /* RAMHeadlinesTableViewController.m */ = {isa = PBXFileReference; lastKnownFileType = sourcecode.c.objc; path = RAMHeadlinesTableViewController.m; sourceTree = "<group>"; };
		47DD19F7218BEA4A00C03A92 /* NewStream-Bridging-Header.h */ = {isa = PBXFileReference; lastKnownFileType = sourcecode.c.h; path = "NewStream-Bridging-Header.h"; sourceTree = "<group>"; };
		47DD19F8218BEA4B00C03A92 /* RAMHeadlineTableViewCell.swift */ = {isa = PBXFileReference; lastKnownFileType = sourcecode.swift; path = RAMHeadlineTableViewCell.swift; sourceTree = "<group>"; };
		47DD19FF218BF53100C03A92 /* RAMNewsDetailViewController.swift */ = {isa = PBXFileReference; lastKnownFileType = sourcecode.swift; path = RAMNewsDetailViewController.swift; sourceTree = "<group>"; };
		F71043E5218B999900DD7A7F /* NewStream.app */ = {isa = PBXFileReference; explicitFileType = wrapper.application; includeInIndex = 0; path = NewStream.app; sourceTree = BUILT_PRODUCTS_DIR; };
		F71043E8218B999900DD7A7F /* AppDelegate.h */ = {isa = PBXFileReference; lastKnownFileType = sourcecode.c.h; path = AppDelegate.h; sourceTree = "<group>"; };
		F71043E9218B999900DD7A7F /* AppDelegate.m */ = {isa = PBXFileReference; lastKnownFileType = sourcecode.c.objc; path = AppDelegate.m; sourceTree = "<group>"; };
		F71043EF218B999900DD7A7F /* Base */ = {isa = PBXFileReference; lastKnownFileType = file.storyboard; name = Base; path = Base.lproj/Main.storyboard; sourceTree = "<group>"; };
		F71043F1218B999A00DD7A7F /* Assets.xcassets */ = {isa = PBXFileReference; lastKnownFileType = folder.assetcatalog; path = Assets.xcassets; sourceTree = "<group>"; };
		F71043F4218B999A00DD7A7F /* Base */ = {isa = PBXFileReference; lastKnownFileType = file.storyboard; name = Base; path = Base.lproj/LaunchScreen.storyboard; sourceTree = "<group>"; };
		F71043F6218B999A00DD7A7F /* Info.plist */ = {isa = PBXFileReference; lastKnownFileType = text.plist.xml; path = Info.plist; sourceTree = "<group>"; };
		F71043F7218B999A00DD7A7F /* main.m */ = {isa = PBXFileReference; lastKnownFileType = sourcecode.c.objc; path = main.m; sourceTree = "<group>"; };
/* End PBXFileReference section */

/* Begin PBXFrameworksBuildPhase section */
		F71043E2218B999900DD7A7F /* Frameworks */ = {
			isa = PBXFrameworksBuildPhase;
			buildActionMask = 2147483647;
			files = (
			);
			runOnlyForDeploymentPostprocessing = 0;
		};
/* End PBXFrameworksBuildPhase section */

/* Begin PBXGroup section */
		47DD19E9218BD0F100C03A92 /* Model */ = {
			isa = PBXGroup;
			children = (
				47DD19EA218BD10900C03A92 /* RAMNews.h */,
				47DD19EB218BD10900C03A92 /* RAMNews.m */,
			);
			path = Model;
			sourceTree = "<group>";
		};
		47DD19ED218BD11B00C03A92 /* Resources */ = {
			isa = PBXGroup;
			children = (
				F71043E8218B999900DD7A7F /* AppDelegate.h */,
				F71043E9218B999900DD7A7F /* AppDelegate.m */,
				F71043F1218B999A00DD7A7F /* Assets.xcassets */,
				F71043F6218B999A00DD7A7F /* Info.plist */,
				47DD19E7218BD0C600C03A92 /* ApiKey.plist */,
				F71043F7218B999A00DD7A7F /* main.m */,
			);
			path = Resources;
			sourceTree = "<group>";
		};
		47DD19EE218BD14300C03A92 /* UI */ = {
			isa = PBXGroup;
			children = (
				47DD19FB218BEA7E00C03A92 /* Views */,
				47DD19FA218BEA7300C03A92 /* Storyboard */,
				47DD19F7218BEA4A00C03A92 /* NewStream-Bridging-Header.h */,
			);
			path = UI;
			sourceTree = "<group>";
		};
		47DD19EF218BD14E00C03A92 /* ModelController */ = {
			isa = PBXGroup;
			children = (
				47DD19F1218BD6F500C03A92 /* RAMNewsAPIClient.h */,
				47DD19F2218BD6F500C03A92 /* RAMNewsAPIClient.m */,
			);
			path = ModelController;
			sourceTree = "<group>";
		};
		47DD19F0218BD15600C03A92 /* ViewController */ = {
			isa = PBXGroup;
			children = (
				47DD19F4218BE89900C03A92 /* RAMHeadlinesTableViewController.h */,
				47DD19F5218BE89900C03A92 /* RAMHeadlinesTableViewController.m */,
				47DD19FF218BF53100C03A92 /* RAMNewsDetailViewController.swift */,
			);
			path = ViewController;
			sourceTree = "<group>";
		};
		47DD19FA218BEA7300C03A92 /* Storyboard */ = {
			isa = PBXGroup;
			children = (
				F71043EE218B999900DD7A7F /* Main.storyboard */,
				F71043F3218B999A00DD7A7F /* LaunchScreen.storyboard */,
			);
			path = Storyboard;
			sourceTree = "<group>";
		};
		47DD19FB218BEA7E00C03A92 /* Views */ = {
			isa = PBXGroup;
			children = (
				47DD19F8218BEA4B00C03A92 /* RAMHeadlineTableViewCell.swift */,
			);
			path = Views;
			sourceTree = "<group>";
		};
		F71043DC218B999900DD7A7F = {
			isa = PBXGroup;
			children = (
				F71043E7218B999900DD7A7F /* NewStream */,
				47DD19EE218BD14300C03A92 /* UI */,
				47DD19ED218BD11B00C03A92 /* Resources */,
				F71043E6218B999900DD7A7F /* Products */,
			);
			sourceTree = "<group>";
		};
		F71043E6218B999900DD7A7F /* Products */ = {
			isa = PBXGroup;
			children = (
				F71043E5218B999900DD7A7F /* NewStream.app */,
			);
			name = Products;
			sourceTree = "<group>";
		};
		F71043E7218B999900DD7A7F /* NewStream */ = {
			isa = PBXGroup;
			children = (
				47DD19F0218BD15600C03A92 /* ViewController */,
				47DD19EF218BD14E00C03A92 /* ModelController */,
				47DD19E9218BD0F100C03A92 /* Model */,
			);
			path = NewStream;
			sourceTree = "<group>";
		};
/* End PBXGroup section */

/* Begin PBXNativeTarget section */
		F71043E4218B999900DD7A7F /* NewStream */ = {
			isa = PBXNativeTarget;
			buildConfigurationList = F71043FB218B999A00DD7A7F /* Build configuration list for PBXNativeTarget "NewStream" */;
			buildPhases = (
				F71043E1218B999900DD7A7F /* Sources */,
				F71043E2218B999900DD7A7F /* Frameworks */,
				F71043E3218B999900DD7A7F /* Resources */,
			);
			buildRules = (
			);
			dependencies = (
			);
			name = NewStream;
			productName = NewStream;
			productReference = F71043E5218B999900DD7A7F /* NewStream.app */;
			productType = "com.apple.product-type.application";
		};
/* End PBXNativeTarget section */

/* Begin PBXProject section */
		F71043DD218B999900DD7A7F /* Project object */ = {
			isa = PBXProject;
			attributes = {
				CLASSPREFIX = RAM;
				LastUpgradeCheck = 1010;
				ORGANIZATIONNAME = trevorAdcock;
				TargetAttributes = {
					F71043E4218B999900DD7A7F = {
						CreatedOnToolsVersion = 10.1;
						LastSwiftMigration = 1010;
					};
				};
			};
			buildConfigurationList = F71043E0218B999900DD7A7F /* Build configuration list for PBXProject "NewStream" */;
			compatibilityVersion = "Xcode 9.3";
			developmentRegion = en;
			hasScannedForEncodings = 0;
			knownRegions = (
				en,
				Base,
			);
			mainGroup = F71043DC218B999900DD7A7F;
			productRefGroup = F71043E6218B999900DD7A7F /* Products */;
			projectDirPath = "";
			projectRoot = "";
			targets = (
				F71043E4218B999900DD7A7F /* NewStream */,
			);
		};
/* End PBXProject section */

/* Begin PBXResourcesBuildPhase section */
		F71043E3218B999900DD7A7F /* Resources */ = {
			isa = PBXResourcesBuildPhase;
			buildActionMask = 2147483647;
			files = (
				F71043F5218B999A00DD7A7F /* LaunchScreen.storyboard in Resources */,
				47DD19E8218BD0C600C03A92 /* ApiKey.plist in Resources */,
				F71043F2218B999A00DD7A7F /* Assets.xcassets in Resources */,
				F71043F0218B999900DD7A7F /* Main.storyboard in Resources */,
			);
			runOnlyForDeploymentPostprocessing = 0;
		};
/* End PBXResourcesBuildPhase section */

/* Begin PBXSourcesBuildPhase section */
		F71043E1218B999900DD7A7F /* Sources */ = {
			isa = PBXSourcesBuildPhase;
			buildActionMask = 2147483647;
			files = (
				47DD1A00218BF53100C03A92 /* RAMNewsDetailViewController.swift in Sources */,
				47DD19F6218BE89900C03A92 /* RAMHeadlinesTableViewController.m in Sources */,
				47DD19EC218BD10900C03A92 /* RAMNews.m in Sources */,
				47DD19F9218BEA4B00C03A92 /* RAMHeadlineTableViewCell.swift in Sources */,
				F71043F8218B999A00DD7A7F /* main.m in Sources */,
				F71043EA218B999900DD7A7F /* AppDelegate.m in Sources */,
				47DD19F3218BD6F500C03A92 /* RAMNewsAPIClient.m in Sources */,
			);
			runOnlyForDeploymentPostprocessing = 0;
		};
/* End PBXSourcesBuildPhase section */

/* Begin PBXVariantGroup section */
		F71043EE218B999900DD7A7F /* Main.storyboard */ = {
			isa = PBXVariantGroup;
			children = (
				F71043EF218B999900DD7A7F /* Base */,
			);
			name = Main.storyboard;
			sourceTree = "<group>";
		};
		F71043F3218B999A00DD7A7F /* LaunchScreen.storyboard */ = {
			isa = PBXVariantGroup;
			children = (
				F71043F4218B999A00DD7A7F /* Base */,
			);
			name = LaunchScreen.storyboard;
			sourceTree = "<group>";
		};
/* End PBXVariantGroup section */

/* Begin XCBuildConfiguration section */
		F71043F9218B999A00DD7A7F /* Debug */ = {
			isa = XCBuildConfiguration;
			buildSettings = {
				ALWAYS_SEARCH_USER_PATHS = NO;
				CLANG_ANALYZER_NONNULL = YES;
				CLANG_ANALYZER_NUMBER_OBJECT_CONVERSION = YES_AGGRESSIVE;
				CLANG_CXX_LANGUAGE_STANDARD = "gnu++14";
				CLANG_CXX_LIBRARY = "libc++";
				CLANG_ENABLE_MODULES = YES;
				CLANG_ENABLE_OBJC_ARC = YES;
				CLANG_ENABLE_OBJC_WEAK = YES;
				CLANG_WARN_BLOCK_CAPTURE_AUTORELEASING = YES;
				CLANG_WARN_BOOL_CONVERSION = YES;
				CLANG_WARN_COMMA = YES;
				CLANG_WARN_CONSTANT_CONVERSION = YES;
				CLANG_WARN_DEPRECATED_OBJC_IMPLEMENTATIONS = YES;
				CLANG_WARN_DIRECT_OBJC_ISA_USAGE = YES_ERROR;
				CLANG_WARN_DOCUMENTATION_COMMENTS = YES;
				CLANG_WARN_EMPTY_BODY = YES;
				CLANG_WARN_ENUM_CONVERSION = YES;
				CLANG_WARN_INFINITE_RECURSION = YES;
				CLANG_WARN_INT_CONVERSION = YES;
				CLANG_WARN_NON_LITERAL_NULL_CONVERSION = YES;
				CLANG_WARN_OBJC_IMPLICIT_RETAIN_SELF = YES;
				CLANG_WARN_OBJC_LITERAL_CONVERSION = YES;
				CLANG_WARN_OBJC_ROOT_CLASS = YES_ERROR;
				CLANG_WARN_RANGE_LOOP_ANALYSIS = YES;
				CLANG_WARN_STRICT_PROTOTYPES = YES;
				CLANG_WARN_SUSPICIOUS_MOVE = YES;
				CLANG_WARN_UNGUARDED_AVAILABILITY = YES_AGGRESSIVE;
				CLANG_WARN_UNREACHABLE_CODE = YES;
				CLANG_WARN__DUPLICATE_METHOD_MATCH = YES;
				CODE_SIGN_IDENTITY = "iPhone Developer";
				COPY_PHASE_STRIP = NO;
				DEBUG_INFORMATION_FORMAT = dwarf;
				ENABLE_STRICT_OBJC_MSGSEND = YES;
				ENABLE_TESTABILITY = YES;
				GCC_C_LANGUAGE_STANDARD = gnu11;
				GCC_DYNAMIC_NO_PIC = NO;
				GCC_NO_COMMON_BLOCKS = YES;
				GCC_OPTIMIZATION_LEVEL = 0;
				GCC_PREPROCESSOR_DEFINITIONS = (
					"DEBUG=1",
					"$(inherited)",
				);
				GCC_WARN_64_TO_32_BIT_CONVERSION = YES;
				GCC_WARN_ABOUT_RETURN_TYPE = YES_ERROR;
				GCC_WARN_UNDECLARED_SELECTOR = YES;
				GCC_WARN_UNINITIALIZED_AUTOS = YES_AGGRESSIVE;
				GCC_WARN_UNUSED_FUNCTION = YES;
				GCC_WARN_UNUSED_VARIABLE = YES;
				IPHONEOS_DEPLOYMENT_TARGET = 12.1;
				MTL_ENABLE_DEBUG_INFO = INCLUDE_SOURCE;
				MTL_FAST_MATH = YES;
				ONLY_ACTIVE_ARCH = YES;
				SDKROOT = iphoneos;
			};
			name = Debug;
		};
		F71043FA218B999A00DD7A7F /* Release */ = {
			isa = XCBuildConfiguration;
			buildSettings = {
				ALWAYS_SEARCH_USER_PATHS = NO;
				CLANG_ANALYZER_NONNULL = YES;
				CLANG_ANALYZER_NUMBER_OBJECT_CONVERSION = YES_AGGRESSIVE;
				CLANG_CXX_LANGUAGE_STANDARD = "gnu++14";
				CLANG_CXX_LIBRARY = "libc++";
				CLANG_ENABLE_MODULES = YES;
				CLANG_ENABLE_OBJC_ARC = YES;
				CLANG_ENABLE_OBJC_WEAK = YES;
				CLANG_WARN_BLOCK_CAPTURE_AUTORELEASING = YES;
				CLANG_WARN_BOOL_CONVERSION = YES;
				CLANG_WARN_COMMA = YES;
				CLANG_WARN_CONSTANT_CONVERSION = YES;
				CLANG_WARN_DEPRECATED_OBJC_IMPLEMENTATIONS = YES;
				CLANG_WARN_DIRECT_OBJC_ISA_USAGE = YES_ERROR;
				CLANG_WARN_DOCUMENTATION_COMMENTS = YES;
				CLANG_WARN_EMPTY_BODY = YES;
				CLANG_WARN_ENUM_CONVERSION = YES;
				CLANG_WARN_INFINITE_RECURSION = YES;
				CLANG_WARN_INT_CONVERSION = YES;
				CLANG_WARN_NON_LITERAL_NULL_CONVERSION = YES;
				CLANG_WARN_OBJC_IMPLICIT_RETAIN_SELF = YES;
				CLANG_WARN_OBJC_LITERAL_CONVERSION = YES;
				CLANG_WARN_OBJC_ROOT_CLASS = YES_ERROR;
				CLANG_WARN_RANGE_LOOP_ANALYSIS = YES;
				CLANG_WARN_STRICT_PROTOTYPES = YES;
				CLANG_WARN_SUSPICIOUS_MOVE = YES;
				CLANG_WARN_UNGUARDED_AVAILABILITY = YES_AGGRESSIVE;
				CLANG_WARN_UNREACHABLE_CODE = YES;
				CLANG_WARN__DUPLICATE_METHOD_MATCH = YES;
				CODE_SIGN_IDENTITY = "iPhone Developer";
				COPY_PHASE_STRIP = NO;
				DEBUG_INFORMATION_FORMAT = "dwarf-with-dsym";
				ENABLE_NS_ASSERTIONS = NO;
				ENABLE_STRICT_OBJC_MSGSEND = YES;
				GCC_C_LANGUAGE_STANDARD = gnu11;
				GCC_NO_COMMON_BLOCKS = YES;
				GCC_WARN_64_TO_32_BIT_CONVERSION = YES;
				GCC_WARN_ABOUT_RETURN_TYPE = YES_ERROR;
				GCC_WARN_UNDECLARED_SELECTOR = YES;
				GCC_WARN_UNINITIALIZED_AUTOS = YES_AGGRESSIVE;
				GCC_WARN_UNUSED_FUNCTION = YES;
				GCC_WARN_UNUSED_VARIABLE = YES;
				IPHONEOS_DEPLOYMENT_TARGET = 12.1;
				MTL_ENABLE_DEBUG_INFO = NO;
				MTL_FAST_MATH = YES;
				SDKROOT = iphoneos;
				VALIDATE_PRODUCT = YES;
			};
			name = Release;
		};
		F71043FC218B999A00DD7A7F /* Debug */ = {
			isa = XCBuildConfiguration;
			buildSettings = {
				ASSETCATALOG_COMPILER_APPICON_NAME = AppIcon;
				CLANG_ENABLE_MODULES = YES;
				CODE_SIGN_STYLE = Automatic;
				DEVELOPMENT_TEAM = L7AYJDAX2C;
				INFOPLIST_FILE = "$(SRCROOT)/Resources/Info.plist";
				LD_RUNPATH_SEARCH_PATHS = (
					"$(inherited)",
					"@executable_path/Frameworks",
				);
				PRODUCT_BUNDLE_IDENTIFIER = com.trevoradcock.NewStream;
				PRODUCT_NAME = "$(TARGET_NAME)";
				SWIFT_OBJC_BRIDGING_HEADER = "UI/NewStream-Bridging-Header.h";
				SWIFT_OPTIMIZATION_LEVEL = "-Onone";
				SWIFT_VERSION = 4.2;
				TARGETED_DEVICE_FAMILY = "1,2";
			};
			name = Debug;
		};
		F71043FD218B999A00DD7A7F /* Release */ = {
			isa = XCBuildConfiguration;
			buildSettings = {
				ASSETCATALOG_COMPILER_APPICON_NAME = AppIcon;
				CLANG_ENABLE_MODULES = YES;
				CODE_SIGN_STYLE = Automatic;
				DEVELOPMENT_TEAM = L7AYJDAX2C;
				INFOPLIST_FILE = "$(SRCROOT)/Resources/Info.plist";
				LD_RUNPATH_SEARCH_PATHS = (
					"$(inherited)",
					"@executable_path/Frameworks",
				);
				PRODUCT_BUNDLE_IDENTIFIER = com.trevoradcock.NewStream;
				PRODUCT_NAME = "$(TARGET_NAME)";
				SWIFT_OBJC_BRIDGING_HEADER = "UI/NewStream-Bridging-Header.h";
				SWIFT_VERSION = 4.2;
				TARGETED_DEVICE_FAMILY = "1,2";
			};
			name = Release;
		};
/* End XCBuildConfiguration section */

/* Begin XCConfigurationList section */
		F71043E0218B999900DD7A7F /* Build configuration list for PBXProject "NewStream" */ = {
			isa = XCConfigurationList;
			buildConfigurations = (
				F71043F9218B999A00DD7A7F /* Debug */,
				F71043FA218B999A00DD7A7F /* Release */,
			);
			defaultConfigurationIsVisible = 0;
			defaultConfigurationName = Release;
		};
		F71043FB218B999A00DD7A7F /* Build configuration list for PBXNativeTarget "NewStream" */ = {
			isa = XCConfigurationList;
			buildConfigurations = (
				F71043FC218B999A00DD7A7F /* Debug */,
				F71043FD218B999A00DD7A7F /* Release */,
			);
			defaultConfigurationIsVisible = 0;
			defaultConfigurationName = Release;
		};
/* End XCConfigurationList section */
	};
	rootObject = F71043DD218B999900DD7A7F /* Project object */;
}
